
Microsoft Visual Studio Solution File, Format Version 12.00
# Visual Studio Version 17
VisualStudioVersion = 17.8.34525.116
MinimumVisualStudioVersion = 10.0.40219.1
Project("{FAE04EC0-301F-11D3-BF4B-00C04F79EFBC}") = "StockManagementSystem.Web", "StockManagementSystem.Web\StockManagementSystem.Web.csproj", "{E3DF15A7-24F9-447D-990E-7E093DBDB7D7}"
EndProject
Global
	GlobalSection(SolutionConfigurationPlatforms) = preSolution
		Debug|Any CPU = Debug|Any CPU
		Release|Any CPU = Release|Any CPU
	EndGlobalSection
	GlobalSection(ProjectConfigurationPlatforms) = postSolution
		{E3DF15A7-24F9-447D-990E-7E093DBDB7D7}.Debug|Any CPU.ActiveCfg = Debug|Any CPU
		{E3DF15A7-24F9-447D-990E-7E093DBDB7D7}.Debug|Any CPU.Build.0 = Debug|Any CPU
		{E3DF15A7-24F9-447D-990E-7E093DBDB7D7}.Release|Any CPU.ActiveCfg = Release|Any CPU
		{E3DF15A7-24F9-447D-990E-7E093DBDB7D7}.Release|Any CPU.Build.0 = Release|Any CPU
	EndGlobalSection
	GlobalSection(SolutionProperties) = preSolution
		HideSolutionNode = FALSE
	EndGlobalSection
	GlobalSection(ExtensibilityGlobals) = postSolution
		SolutionGuid = {ED806D36-1485-4B61-A9C3-C2039948CDF9}
	EndGlobalSection
EndGlobal
