
Microsoft Visual Studio Solution File, Format Version 12.00
# Visual Studio Version 17
VisualStudioVersion = 17.8.34525.116
MinimumVisualStudioVersion = 10.0.40219.1
Project("{9A19103F-16F7-4668-BE54-9A1E7A4F7556}") = "StockManagementSystem.Web", "StockManagementSystem.Web\StockManagementSystem.Web.csproj", "{A77E77BB-5DD4-4A1B-B9E5-8A081173D371}"
EndProject
Project("{9A19103F-16F7-4668-BE54-9A1E7A4F7556}") = "StockManagementSystem.Data", "StockManagementSystem.Data\StockManagementSystem.Data.csproj", "{ADE8E58B-9E2C-4836-8D99-D9009E8E71E9}"
EndProject
Project("{9A19103F-16F7-4668-BE54-9A1E7A4F7556}") = "StockManagementSystem.Data.Models", "StockManagementSystem.Data.Models\StockManagementSystem.Data.Models.csproj", "{5B21D253-5792-4EE4-97FD-EE5A6FD97F0E}"
EndProject
Project("{9A19103F-16F7-4668-BE54-9A1E7A4F7556}") = "StockManagementSystem.Services.Data", "StockManagementSystem.Services.Data\StockManagementSystem.Services.Data.csproj", "{C0C1EF34-2CAF-422D-9D74-CF7FC0D07D2F}"
EndProject
Project("{9A19103F-16F7-4668-BE54-9A1E7A4F7556}") = "StockManagementSystem.Services.Data.Models", "StockManagementSystem.Services.Data.Models\StockManagementSystem.Services.Data.Models.csproj", "{23F90CD4-8FE4-4098-800A-3B7D601691CF}"
EndProject
Project("{9A19103F-16F7-4668-BE54-9A1E7A4F7556}") = "StockManagementSystem.Common", "StockManagementSystem.Common\StockManagementSystem.Common.csproj", "{196A31E7-47CC-43F4-9A66-BFFCB293205E}"
EndProject
Project("{FAE04EC0-301F-11D3-BF4B-00C04F79EFBC}") = "StockManagementSystem.Web.ViewModels", "StockManagementSystem.Web.ViewModels\StockManagementSystem.Web.ViewModels.csproj", "{0C3CA60C-2953-429C-AD32-F06C663A0449}"
EndProject
Global
	GlobalSection(SolutionConfigurationPlatforms) = preSolution
		Debug|Any CPU = Debug|Any CPU
		Release|Any CPU = Release|Any CPU
	EndGlobalSection
	GlobalSection(ProjectConfigurationPlatforms) = postSolution
		{A77E77BB-5DD4-4A1B-B9E5-8A081173D371}.Debug|Any CPU.ActiveCfg = Debug|Any CPU
		{A77E77BB-5DD4-4A1B-B9E5-8A081173D371}.Debug|Any CPU.Build.0 = Debug|Any CPU
		{A77E77BB-5DD4-4A1B-B9E5-8A081173D371}.Release|Any CPU.ActiveCfg = Release|Any CPU
		{A77E77BB-5DD4-4A1B-B9E5-8A081173D371}.Release|Any CPU.Build.0 = Release|Any CPU
		{ADE8E58B-9E2C-4836-8D99-D9009E8E71E9}.Debug|Any CPU.ActiveCfg = Debug|Any CPU
		{ADE8E58B-9E2C-4836-8D99-D9009E8E71E9}.Debug|Any CPU.Build.0 = Debug|Any CPU
		{ADE8E58B-9E2C-4836-8D99-D9009E8E71E9}.Release|Any CPU.ActiveCfg = Release|Any CPU
		{ADE8E58B-9E2C-4836-8D99-D9009E8E71E9}.Release|Any CPU.Build.0 = Release|Any CPU
		{5B21D253-5792-4EE4-97FD-EE5A6FD97F0E}.Debug|Any CPU.ActiveCfg = Debug|Any CPU
		{5B21D253-5792-4EE4-97FD-EE5A6FD97F0E}.Debug|Any CPU.Build.0 = Debug|Any CPU
		{5B21D253-5792-4EE4-97FD-EE5A6FD97F0E}.Release|Any CPU.ActiveCfg = Release|Any CPU
		{5B21D253-5792-4EE4-97FD-EE5A6FD97F0E}.Release|Any CPU.Build.0 = Release|Any CPU
		{C0C1EF34-2CAF-422D-9D74-CF7FC0D07D2F}.Debug|Any CPU.ActiveCfg = Debug|Any CPU
		{C0C1EF34-2CAF-422D-9D74-CF7FC0D07D2F}.Debug|Any CPU.Build.0 = Debug|Any CPU
		{C0C1EF34-2CAF-422D-9D74-CF7FC0D07D2F}.Release|Any CPU.ActiveCfg = Release|Any CPU
		{C0C1EF34-2CAF-422D-9D74-CF7FC0D07D2F}.Release|Any CPU.Build.0 = Release|Any CPU
		{23F90CD4-8FE4-4098-800A-3B7D601691CF}.Debug|Any CPU.ActiveCfg = Debug|Any CPU
		{23F90CD4-8FE4-4098-800A-3B7D601691CF}.Debug|Any CPU.Build.0 = Debug|Any CPU
		{23F90CD4-8FE4-4098-800A-3B7D601691CF}.Release|Any CPU.ActiveCfg = Release|Any CPU
		{23F90CD4-8FE4-4098-800A-3B7D601691CF}.Release|Any CPU.Build.0 = Release|Any CPU
		{196A31E7-47CC-43F4-9A66-BFFCB293205E}.Debug|Any CPU.ActiveCfg = Debug|Any CPU
		{196A31E7-47CC-43F4-9A66-BFFCB293205E}.Debug|Any CPU.Build.0 = Debug|Any CPU
		{196A31E7-47CC-43F4-9A66-BFFCB293205E}.Release|Any CPU.ActiveCfg = Release|Any CPU
		{196A31E7-47CC-43F4-9A66-BFFCB293205E}.Release|Any CPU.Build.0 = Release|Any CPU
		{0C3CA60C-2953-429C-AD32-F06C663A0449}.Debug|Any CPU.ActiveCfg = Debug|Any CPU
		{0C3CA60C-2953-429C-AD32-F06C663A0449}.Debug|Any CPU.Build.0 = Debug|Any CPU
		{0C3CA60C-2953-429C-AD32-F06C663A0449}.Release|Any CPU.ActiveCfg = Release|Any CPU
		{0C3CA60C-2953-429C-AD32-F06C663A0449}.Release|Any CPU.Build.0 = Release|Any CPU
	EndGlobalSection
	GlobalSection(SolutionProperties) = preSolution
		HideSolutionNode = FALSE
	EndGlobalSection
	GlobalSection(ExtensibilityGlobals) = postSolution
		SolutionGuid = {59237545-2CEC-4783-BA61-AADD0B40D00E}
	EndGlobalSection
EndGlobal
